
Microsoft Visual Studio Solution File, Format Version 12.00
# Visual Studio Version 17
VisualStudioVersion = 17.9.34622.214
MinimumVisualStudioVersion = 10.0.40219.1
Project("{FAE04EC0-301F-11D3-BF4B-00C04F79EFBC}") = "CW20", "CW20\CW20.csproj", "{6AC3EE69-8A1E-45A4-BAC7-D434EF674FB2}"
EndProject
Global
	GlobalSection(SolutionConfigurationPlatforms) = preSolution
		Debug|Any CPU = Debug|Any CPU
		Release|Any CPU = Release|Any CPU
	EndGlobalSection
	GlobalSection(ProjectConfigurationPlatforms) = postSolution
		{6AC3EE69-8A1E-45A4-BAC7-D434EF674FB2}.Debug|Any CPU.ActiveCfg = Debug|Any CPU
		{6AC3EE69-8A1E-45A4-BAC7-D434EF674FB2}.Debug|Any CPU.Build.0 = Debug|Any CPU
		{6AC3EE69-8A1E-45A4-BAC7-D434EF674FB2}.Release|Any CPU.ActiveCfg = Release|Any CPU
		{6AC3EE69-8A1E-45A4-BAC7-D434EF674FB2}.Release|Any CPU.Build.0 = Release|Any CPU
	EndGlobalSection
	GlobalSection(SolutionProperties) = preSolution
		HideSolutionNode = FALSE
	EndGlobalSection
	GlobalSection(ExtensibilityGlobals) = postSolution
		SolutionGuid = {74F07815-5DAC-4181-A38F-78B1759D4B3E}
	EndGlobalSection
EndGlobal
